// !$*UTF8*$!
{
	archiveVersion = 1;
	classes = {
	};
	objectVersion = 46;
	objects = {

/* Begin PBXBuildFile section */
		3BDBE4361CF2429500A0AA9C /* AppDelegate.swift in Sources */ = {isa = PBXBuildFile; fileRef = 3BDBE4351CF2429500A0AA9C /* AppDelegate.swift */; };
		3BDBE4381CF2429500A0AA9C /* ViewController.swift in Sources */ = {isa = PBXBuildFile; fileRef = 3BDBE4371CF2429500A0AA9C /* ViewController.swift */; };
		3BDBE43B1CF2429500A0AA9C /* Main.storyboard in Resources */ = {isa = PBXBuildFile; fileRef = 3BDBE4391CF2429500A0AA9C /* Main.storyboard */; };
		3BDBE43D1CF2429500A0AA9C /* Assets.xcassets in Resources */ = {isa = PBXBuildFile; fileRef = 3BDBE43C1CF2429500A0AA9C /* Assets.xcassets */; };
		3BDBE4401CF2429500A0AA9C /* LaunchScreen.storyboard in Resources */ = {isa = PBXBuildFile; fileRef = 3BDBE43E1CF2429500A0AA9C /* LaunchScreen.storyboard */; };
		3BDBE4481CF242BD00A0AA9C /* Datos.swift in Sources */ = {isa = PBXBuildFile; fileRef = 3BDBE4471CF242BD00A0AA9C /* Datos.swift */; };
/* End PBXBuildFile section */

/* Begin PBXFileReference section */
		3BDBE4321CF2429500A0AA9C /* Hamburguesas.app */ = {isa = PBXFileReference; explicitFileType = wrapper.application; includeInIndex = 0; path = Hamburguesas.app; sourceTree = BUILT_PRODUCTS_DIR; };
		3BDBE4351CF2429500A0AA9C /* AppDelegate.swift */ = {isa = PBXFileReference; lastKnownFileType = sourcecode.swift; path = AppDelegate.swift; sourceTree = "<group>"; };
		3BDBE4371CF2429500A0AA9C /* ViewController.swift */ = {isa = PBXFileReference; lastKnownFileType = sourcecode.swift; path = ViewController.swift; sourceTree = "<group>"; };
		3BDBE43A1CF2429500A0AA9C /* Base */ = {isa = PBXFileReference; lastKnownFileType = file.storyboard; name = Base; path = Base.lproj/Main.storyboard; sourceTree = "<group>"; };
		3BDBE43C1CF2429500A0AA9C /* Assets.xcassets */ = {isa = PBXFileReference; lastKnownFileType = folder.assetcatalog; path = Assets.xcassets; sourceTree = "<group>"; };
		3BDBE43F1CF2429500A0AA9C /* Base */ = {isa = PBXFileReference; lastKnownFileType = file.storyboard; name = Base; path = Base.lproj/LaunchScreen.storyboard; sourceTree = "<group>"; };
		3BDBE4411CF2429500A0AA9C /* Info.plist */ = {isa = PBXFileReference; lastKnownFileType = text.plist.xml; path = Info.plist; sourceTree = "<group>"; };
		3BDBE4471CF242BD00A0AA9C /* Datos.swift */ = {isa = PBXFileReference; fileEncoding = 4; lastKnownFileType = sourcecode.swift; path = Datos.swift; sourceTree = "<group>"; };
/* End PBXFileReference section */

/* Begin PBXFrameworksBuildPhase section */
		3BDBE42F1CF2429500A0AA9C /* Frameworks */ = {
			isa = PBXFrameworksBuildPhase;
			buildActionMask = 2147483647;
			files = (
			);
			runOnlyForDeploymentPostprocessing = 0;
		};
/* End PBXFrameworksBuildPhase section */

/* Begin PBXGroup section */
		3BDBE4291CF2429500A0AA9C = {
			isa = PBXGroup;
			children = (
				3BDBE4341CF2429500A0AA9C /* Hamburguesas */,
				3BDBE4331CF2429500A0AA9C /* Products */,
			);
			sourceTree = "<group>";
		};
		3BDBE4331CF2429500A0AA9C /* Products */ = {
			isa = PBXGroup;
			children = (
				3BDBE4321CF2429500A0AA9C /* Hamburguesas.app */,
			);
			name = Products;
			sourceTree = "<group>";
		};
		3BDBE4341CF2429500A0AA9C /* Hamburguesas */ = {
			isa = PBXGroup;
			children = (
				3BDBE4351CF2429500A0AA9C /* AppDelegate.swift */,
				3BDBE4371CF2429500A0AA9C /* ViewController.swift */,
				3BDBE4391CF2429500A0AA9C /* Main.storyboard */,
				3BDBE43C1CF2429500A0AA9C /* Assets.xcassets */,
				3BDBE43E1CF2429500A0AA9C /* LaunchScreen.storyboard */,
				3BDBE4411CF2429500A0AA9C /* Info.plist */,
				3BDBE4471CF242BD00A0AA9C /* Datos.swift */,
			);
			path = Hamburguesas;
			sourceTree = "<group>";
		};
/* End PBXGroup section */

/* Begin PBXNativeTarget section */
		3BDBE4311CF2429500A0AA9C /* Hamburguesas */ = {
			isa = PBXNativeTarget;
			buildConfigurationList = 3BDBE4441CF2429500A0AA9C /* Build configuration list for PBXNativeTarget "Hamburguesas" */;
			buildPhases = (
				3BDBE42E1CF2429500A0AA9C /* Sources */,
				3BDBE42F1CF2429500A0AA9C /* Frameworks */,
				3BDBE4301CF2429500A0AA9C /* Resources */,
			);
			buildRules = (
			);
			dependencies = (
			);
			name = Hamburguesas;
			productName = Hamburguesas;
			productReference = 3BDBE4321CF2429500A0AA9C /* Hamburguesas.app */;
			productType = "com.apple.product-type.application";
		};
/* End PBXNativeTarget section */

/* Begin PBXProject section */
		3BDBE42A1CF2429500A0AA9C /* Project object */ = {
			isa = PBXProject;
			attributes = {
				LastSwiftUpdateCheck = 0730;
				LastUpgradeCheck = 0730;
				ORGANIZATIONNAME = "Alejandro Veiga López";
				TargetAttributes = {
					3BDBE4311CF2429500A0AA9C = {
						CreatedOnToolsVersion = 7.3.1;
						DevelopmentTeam = 85Z64YEG2W;
					};
				};
			};
			buildConfigurationList = 3BDBE42D1CF2429500A0AA9C /* Build configuration list for PBXProject "Hamburguesas" */;
			compatibilityVersion = "Xcode 3.2";
			developmentRegion = English;
			hasScannedForEncodings = 0;
			knownRegions = (
				en,
				Base,
			);
			mainGroup = 3BDBE4291CF2429500A0AA9C;
			productRefGroup = 3BDBE4331CF2429500A0AA9C /* Products */;
			projectDirPath = "";
			projectRoot = "";
			targets = (
				3BDBE4311CF2429500A0AA9C /* Hamburguesas */,
			);
		};
/* End PBXProject section */

/* Begin PBXResourcesBuildPhase section */
		3BDBE4301CF2429500A0AA9C /* Resources */ = {
			isa = PBXResourcesBuildPhase;
			buildActionMask = 2147483647;
			files = (
				3BDBE4401CF2429500A0AA9C /* LaunchScreen.storyboard in Resources */,
				3BDBE43D1CF2429500A0AA9C /* Assets.xcassets in Resources */,
				3BDBE43B1CF2429500A0AA9C /* Main.storyboard in Resources */,
			);
			runOnlyForDeploymentPostprocessing = 0;
		};
/* End PBXResourcesBuildPhase section */

/* Begin PBXSourcesBuildPhase section */
		3BDBE42E1CF2429500A0AA9C /* Sources */ = {
			isa = PBXSourcesBuildPhase;
			buildActionMask = 2147483647;
			files = (
				3BDBE4381CF2429500A0AA9C /* ViewController.swift in Sources */,
				3BDBE4361CF2429500A0AA9C /* AppDelegate.swift in Sources */,
				3BDBE4481CF242BD00A0AA9C /* Datos.swift in Sources */,
			);
			runOnlyForDeploymentPostprocessing = 0;
		};
/* End PBXSourcesBuildPhase section */

/* Begin PBXVariantGroup section */
		3BDBE4391CF2429500A0AA9C /* Main.storyboard */ = {
			isa = PBXVariantGroup;
			children = (
				3BDBE43A1CF2429500A0AA9C /* Base */,
			);
			name = Main.storyboard;
			sourceTree = "<group>";
		};
		3BDBE43E1CF2429500A0AA9C /* LaunchScreen.storyboard */ = {
			isa = PBXVariantGroup;
			children = (
				3BDBE43F1CF2429500A0AA9C /* Base */,
			);
			name = LaunchScreen.storyboard;
			sourceTree = "<group>";
		};
/* End PBXVariantGroup section */

/* Begin XCBuildConfiguration section */
		3BDBE4421CF2429500A0AA9C /* Debug */ = {
			isa = XCBuildConfiguration;
			buildSettings = {
				ALWAYS_SEARCH_USER_PATHS = NO;
				CLANG_ANALYZER_NONNULL = YES;
				CLANG_CXX_LANGUAGE_STANDARD = "gnu++0x";
				CLANG_CXX_LIBRARY = "libc++";
				CLANG_ENABLE_MODULES = YES;
				CLANG_ENABLE_OBJC_ARC = YES;
				CLANG_WARN_BOOL_CONVERSION = YES;
				CLANG_WARN_CONSTANT_CONVERSION = YES;
				CLANG_WARN_DIRECT_OBJC_ISA_USAGE = YES_ERROR;
				CLANG_WARN_EMPTY_BODY = YES;
				CLANG_WARN_ENUM_CONVERSION = YES;
				CLANG_WARN_INT_CONVERSION = YES;
				CLANG_WARN_OBJC_ROOT_CLASS = YES_ERROR;
				CLANG_WARN_UNREACHABLE_CODE = YES;
				CLANG_WARN__DUPLICATE_METHOD_MATCH = YES;
				"CODE_SIGN_IDENTITY[sdk=iphoneos*]" = "iPhone Developer";
				COPY_PHASE_STRIP = NO;
				DEBUG_INFORMATION_FORMAT = dwarf;
				ENABLE_STRICT_OBJC_MSGSEND = YES;
				ENABLE_TESTABILITY = YES;
				GCC_C_LANGUAGE_STANDARD = gnu99;
				GCC_DYNAMIC_NO_PIC = NO;
				GCC_NO_COMMON_BLOCKS = YES;
				GCC_OPTIMIZATION_LEVEL = 0;
				GCC_PREPROCESSOR_DEFINITIONS = (
					"DEBUG=1",
					"$(inherited)",
				);
				GCC_WARN_64_TO_32_BIT_CONVERSION = YES;
				GCC_WARN_ABOUT_RETURN_TYPE = YES_ERROR;
				GCC_WARN_UNDECLARED_SELECTOR = YES;
				GCC_WARN_UNINITIALIZED_AUTOS = YES_AGGRESSIVE;
				GCC_WARN_UNUSED_FUNCTION = YES;
				GCC_WARN_UNUSED_VARIABLE = YES;
				IPHONEOS_DEPLOYMENT_TARGET = 9.3;
				MTL_ENABLE_DEBUG_INFO = YES;
				ONLY_ACTIVE_ARCH = YES;
				SDKROOT = iphoneos;
				SWIFT_OPTIMIZATION_LEVEL = "-Onone";
				TARGETED_DEVICE_FAMILY = "1,2";
			};
			name = Debug;
		};
		3BDBE4431CF2429500A0AA9C /* Release */ = {
			isa = XCBuildConfiguration;
			buildSettings = {
				ALWAYS_SEARCH_USER_PATHS = NO;
				CLANG_ANALYZER_NONNULL = YES;
				CLANG_CXX_LANGUAGE_STANDARD = "gnu++0x";
				CLANG_CXX_LIBRARY = "libc++";
				CLANG_ENABLE_MODULES = YES;
				CLANG_ENABLE_OBJC_ARC = YES;
				CLANG_WARN_BOOL_CONVERSION = YES;
				CLANG_WARN_CONSTANT_CONVERSION = YES;
				CLANG_WARN_DIRECT_OBJC_ISA_USAGE = YES_ERROR;
				CLANG_WARN_EMPTY_BODY = YES;
				CLANG_WARN_ENUM_CONVERSION = YES;
				CLANG_WARN_INT_CONVERSION = YES;
				CLANG_WARN_OBJC_ROOT_CLASS = YES_ERROR;
				CLANG_WARN_UNREACHABLE_CODE = YES;
				CLANG_WARN__DUPLICATE_METHOD_MATCH = YES;
				"CODE_SIGN_IDENTITY[sdk=iphoneos*]" = "iPhone Developer";
				COPY_PHASE_STRIP = NO;
				DEBUG_INFORMATION_FORMAT = "dwarf-with-dsym";
				ENABLE_NS_ASSERTIONS = NO;
				ENABLE_STRICT_OBJC_MSGSEND = YES;
				GCC_C_LANGUAGE_STANDARD = gnu99;
				GCC_NO_COMMON_BLOCKS = YES;
				GCC_WARN_64_TO_32_BIT_CONVERSION = YES;
				GCC_WARN_ABOUT_RETURN_TYPE = YES_ERROR;
				GCC_WARN_UNDECLARED_SELECTOR = YES;
				GCC_WARN_UNINITIALIZED_AUTOS = YES_AGGRESSIVE;
				GCC_WARN_UNUSED_FUNCTION = YES;
				GCC_WARN_UNUSED_VARIABLE = YES;
				IPHONEOS_DEPLOYMENT_TARGET = 9.3;
				MTL_ENABLE_DEBUG_INFO = NO;
				SDKROOT = iphoneos;
				TARGETED_DEVICE_FAMILY = "1,2";
				VALIDATE_PRODUCT = YES;
			};
			name = Release;
		};
		3BDBE4451CF2429500A0AA9C /* Debug */ = {
			isa = XCBuildConfiguration;
			buildSettings = {
				ASSETCATALOG_COMPILER_APPICON_NAME = AppIcon;
				INFOPLIST_FILE = Hamburguesas/Info.plist;
				LD_RUNPATH_SEARCH_PATHS = "$(inherited) @executable_path/Frameworks";
				PRODUCT_BUNDLE_IDENTIFIER = com.alex.Hamburguesas;
				PRODUCT_NAME = "$(TARGET_NAME)";
			};
			name = Debug;
		};
		3BDBE4461CF2429500A0AA9C /* Release */ = {
			isa = XCBuildConfiguration;
			buildSettings = {
				ASSETCATALOG_COMPILER_APPICON_NAME = AppIcon;
				INFOPLIST_FILE = Hamburguesas/Info.plist;
				LD_RUNPATH_SEARCH_PATHS = "$(inherited) @executable_path/Frameworks";
				PRODUCT_BUNDLE_IDENTIFIER = com.alex.Hamburguesas;
				PRODUCT_NAME = "$(TARGET_NAME)";
			};
			name = Release;
		};
/* End XCBuildConfiguration section */

/* Begin XCConfigurationList section */
		3BDBE42D1CF2429500A0AA9C /* Build configuration list for PBXProject "Hamburguesas" */ = {
			isa = XCConfigurationList;
			buildConfigurations = (
				3BDBE4421CF2429500A0AA9C /* Debug */,
				3BDBE4431CF2429500A0AA9C /* Release */,
			);
			defaultConfigurationIsVisible = 0;
			defaultConfigurationName = Release;
		};
		3BDBE4441CF2429500A0AA9C /* Build configuration list for PBXNativeTarget "Hamburguesas" */ = {
			isa = XCConfigurationList;
			buildConfigurations = (
				3BDBE4451CF2429500A0AA9C /* Debug */,
				3BDBE4461CF2429500A0AA9C /* Release */,
			);
			defaultConfigurationIsVisible = 0;
		};
/* End XCConfigurationList section */
	};
	rootObject = 3BDBE42A1CF2429500A0AA9C /* Project object */;
}
